
Microsoft Visual Studio Solution File, Format Version 12.00
# Visual Studio Version 17
VisualStudioVersion = 17.4.33213.308
MinimumVisualStudioVersion = 10.0.40219.1
Project("{9A19103F-16F7-4668-BE54-9A1E7A4F7556}") = "The Game", "The Game.csproj", "{32459F30-F904-45C3-B8E9-37F625A454F1}"
EndProject
Global
	GlobalSection(SolutionConfigurationPlatforms) = preSolution
		Debug|Any CPU = Debug|Any CPU
		ExportDebug|Any CPU = ExportDebug|Any CPU
		ExportRelease|Any CPU = ExportRelease|Any CPU
		Release|Any CPU = Release|Any CPU
	EndGlobalSection
	GlobalSection(ProjectConfigurationPlatforms) = postSolution
		{32459F30-F904-45C3-B8E9-37F625A454F1}.Debug|Any CPU.ActiveCfg = Debug|Any CPU
		{32459F30-F904-45C3-B8E9-37F625A454F1}.Debug|Any CPU.Build.0 = Debug|Any CPU
		{32459F30-F904-45C3-B8E9-37F625A454F1}.ExportDebug|Any CPU.ActiveCfg = ExportDebug|Any CPU
		{32459F30-F904-45C3-B8E9-37F625A454F1}.ExportDebug|Any CPU.Build.0 = ExportDebug|Any CPU
		{32459F30-F904-45C3-B8E9-37F625A454F1}.ExportRelease|Any CPU.ActiveCfg = ExportRelease|Any CPU
		{32459F30-F904-45C3-B8E9-37F625A454F1}.ExportRelease|Any CPU.Build.0 = ExportRelease|Any CPU
		{32459F30-F904-45C3-B8E9-37F625A454F1}.Release|Any CPU.ActiveCfg = ExportRelease|Any CPU
		{32459F30-F904-45C3-B8E9-37F625A454F1}.Release|Any CPU.Build.0 = ExportRelease|Any CPU
	EndGlobalSection
	GlobalSection(SolutionProperties) = preSolution
		HideSolutionNode = FALSE
	EndGlobalSection
	GlobalSection(ExtensibilityGlobals) = postSolution
		SolutionGuid = {11E46F35-C6CC-480A-B352-AB6C2AC10F60}
	EndGlobalSection
EndGlobal
